
Microsoft Visual Studio Solution File, Format Version 12.00
# Visual Studio Version 16
VisualStudioVersion = 16.0.31729.503
MinimumVisualStudioVersion = 10.0.40219.1
Project("{FAE04EC0-301F-11D3-BF4B-00C04F79EFBC}") = "Задание17", "Задание17\Задание17.csproj", "{63D06750-5CAB-480E-AA2C-63E898BF52B8}"
EndProject
Global
	GlobalSection(SolutionConfigurationPlatforms) = preSolution
		Debug|Any CPU = Debug|Any CPU
		Release|Any CPU = Release|Any CPU
	EndGlobalSection
	GlobalSection(ProjectConfigurationPlatforms) = postSolution
		{63D06750-5CAB-480E-AA2C-63E898BF52B8}.Debug|Any CPU.ActiveCfg = Debug|Any CPU
		{63D06750-5CAB-480E-AA2C-63E898BF52B8}.Debug|Any CPU.Build.0 = Debug|Any CPU
		{63D06750-5CAB-480E-AA2C-63E898BF52B8}.Release|Any CPU.ActiveCfg = Release|Any CPU
		{63D06750-5CAB-480E-AA2C-63E898BF52B8}.Release|Any CPU.Build.0 = Release|Any CPU
	EndGlobalSection
	GlobalSection(SolutionProperties) = preSolution
		HideSolutionNode = FALSE
	EndGlobalSection
	GlobalSection(ExtensibilityGlobals) = postSolution
		SolutionGuid = {7FA047FF-4257-432A-8894-40A0C92F1747}
	EndGlobalSection
EndGlobal
